
Microsoft Visual Studio Solution File, Format Version 12.00
# Visual Studio 15
VisualStudioVersion = 15.0.27004.2005
MinimumVisualStudioVersion = 10.0.40219.1
Project("{FAE04EC0-301F-11D3-BF4B-00C04F79EFBC}") = "CodingDojo07", "CodingDojo07\CodingDojo07.csproj", "{A9DF653B-5C48-4308-BD11-0486BFE5B233}"
EndProject
Global
	GlobalSection(SolutionConfigurationPlatforms) = preSolution
		Debug|Any CPU = Debug|Any CPU
		Release|Any CPU = Release|Any CPU
	EndGlobalSection
	GlobalSection(ProjectConfigurationPlatforms) = postSolution
		{A9DF653B-5C48-4308-BD11-0486BFE5B233}.Debug|Any CPU.ActiveCfg = Debug|Any CPU
		{A9DF653B-5C48-4308-BD11-0486BFE5B233}.Debug|Any CPU.Build.0 = Debug|Any CPU
		{A9DF653B-5C48-4308-BD11-0486BFE5B233}.Release|Any CPU.ActiveCfg = Release|Any CPU
		{A9DF653B-5C48-4308-BD11-0486BFE5B233}.Release|Any CPU.Build.0 = Release|Any CPU
	EndGlobalSection
	GlobalSection(SolutionProperties) = preSolution
		HideSolutionNode = FALSE
	EndGlobalSection
	GlobalSection(ExtensibilityGlobals) = postSolution
		SolutionGuid = {DE89865C-613B-439F-BB8E-25F2A6018C02}
	EndGlobalSection
EndGlobal
